{
    "_readme": [
        "This file locks the dependencies of your project to a known state",
        "Read more about it at https://getcomposer.org/doc/01-basic-usage.md#composer-lock-the-lock-file",
        "This file is @generated automatically"
    ],
    "hash": "75c764e5953c04defd4e8f9c21b63ed3",
    "content-hash": "73d1da963b481a5ebbaa98e194f3acd1",
    "packages": [],
    "packages-dev": [
        {
            "name": "ua1-labs/firetest",
            "version": "dev-master",
            "source": {
                "type": "git",
                "url": "https://github.com/ua1-labs/firetest.git",
                "reference": "fdfc29592dad3b801f2baca4f8cd546c2ac78694"
            },
            "dist": {
                "type": "zip",
                "url": "https://api.github.com/repos/ua1-labs/firetest/zipball/fdfc29592dad3b801f2baca4f8cd546c2ac78694",
                "reference": "fdfc29592dad3b801f2baca4f8cd546c2ac78694",
                "shasum": ""
            },
            "require-dev": {
                "phpdocumentor/phpdocumentor": "2.*"
            },
            "type": "library",
            "autoload": {
                "psr-4": {
                    "Fire\\": "Fire/"
                }
            },
            "notification-url": "https://packagist.org/downloads/",
            "license": [
                "MIT"
            ],
            "authors": [
                {
                    "name": "UA1 Labs",
                    "email": "development@ua1.us"
                }
            ],
            "description": "A Lightweight PHP Testing Framework",
            "keywords": [
                "fire",
                "firedb",
                "firestudio",
                "firetest",
                "test",
                "testing",
                "unit",
                "unittest"
            ],
            "time": "2018-04-18 23:26:48"
        }
    ],
    "aliases": [],
    "minimum-stability": "stable",
    "stability-flags": {
        "ua1-labs/firetest": 20
    },
    "prefer-stable": false,
    "prefer-lowest": false,
    "platform": [],
    "platform-dev": []
}
